
Microsoft Visual Studio Solution File, Format Version 12.00
# Visual Studio Version 17
VisualStudioVersion = 17.14.36603.0 d17.14
MinimumVisualStudioVersion = 10.0.40219.1
Project("{FAE04EC0-301F-11D3-BF4B-00C04F79EFBC}") = "EntityFrameworkDBFirst", "EntityFrameworkDBFirst\EntityFrameworkDBFirst.csproj", "{B63513B4-4079-4C3A-B127-B65DDA58A4FC}"
EndProject
Global
	GlobalSection(SolutionConfigurationPlatforms) = preSolution
		Debug|Any CPU = Debug|Any CPU
		Release|Any CPU = Release|Any CPU
	EndGlobalSection
	GlobalSection(ProjectConfigurationPlatforms) = postSolution
		{B63513B4-4079-4C3A-B127-B65DDA58A4FC}.Debug|Any CPU.ActiveCfg = Debug|Any CPU
		{B63513B4-4079-4C3A-B127-B65DDA58A4FC}.Debug|Any CPU.Build.0 = Debug|Any CPU
		{B63513B4-4079-4C3A-B127-B65DDA58A4FC}.Release|Any CPU.ActiveCfg = Release|Any CPU
		{B63513B4-4079-4C3A-B127-B65DDA58A4FC}.Release|Any CPU.Build.0 = Release|Any CPU
	EndGlobalSection
	GlobalSection(SolutionProperties) = preSolution
		HideSolutionNode = FALSE
	EndGlobalSection
	GlobalSection(ExtensibilityGlobals) = postSolution
		SolutionGuid = {028FDBD2-A8F5-46DA-9456-248C6519599E}
	EndGlobalSection
EndGlobal
