
Microsoft Visual Studio Solution File, Format Version 12.00
# Visual Studio Version 17
VisualStudioVersion = 17.14.36603.0 d17.14
MinimumVisualStudioVersion = 10.0.40219.1
Project("{FAE04EC0-301F-11D3-BF4B-00C04F79EFBC}") = "MyFirstApp", "MyFirstApp\MyFirstApp.csproj", "{3745C1FC-6589-4D41-9DA6-6589DBD64020}"
EndProject
Global
	GlobalSection(SolutionConfigurationPlatforms) = preSolution
		Debug|Any CPU = Debug|Any CPU
		Release|Any CPU = Release|Any CPU
	EndGlobalSection
	GlobalSection(ProjectConfigurationPlatforms) = postSolution
		{3745C1FC-6589-4D41-9DA6-6589DBD64020}.Debug|Any CPU.ActiveCfg = Debug|Any CPU
		{3745C1FC-6589-4D41-9DA6-6589DBD64020}.Debug|Any CPU.Build.0 = Debug|Any CPU
		{3745C1FC-6589-4D41-9DA6-6589DBD64020}.Release|Any CPU.ActiveCfg = Release|Any CPU
		{3745C1FC-6589-4D41-9DA6-6589DBD64020}.Release|Any CPU.Build.0 = Release|Any CPU
	EndGlobalSection
	GlobalSection(SolutionProperties) = preSolution
		HideSolutionNode = FALSE
	EndGlobalSection
	GlobalSection(ExtensibilityGlobals) = postSolution
		SolutionGuid = {32FA67C6-BED4-49FD-83A3-C38C694D4AAD}
	EndGlobalSection
EndGlobal
